
Microsoft Visual Studio Solution File, Format Version 12.00
# Visual Studio 2012
Project("{FAE04EC0-301F-11D3-BF4B-00C04F79EFBC}") = "ViewerFirstDemo", "ViewerFirstDemo\ViewerFirstDemo.csproj", "{FA1F237F-4006-4FEA-9E99-0D2902852892}"
EndProject
Project("{FAE04EC0-301F-11D3-BF4B-00C04F79EFBC}") = "ViewerApigeeUtil", "..\..\Asp.net webform\ViewAndShare\ViewerApigeeUtil\ViewerApigeeUtil.csproj", "{FC0B05BF-2B1D-4ADC-9133-2796319F79F3}"
EndProject
Global
	GlobalSection(SolutionConfigurationPlatforms) = preSolution
		Debug|Any CPU = Debug|Any CPU
		Release|Any CPU = Release|Any CPU
	EndGlobalSection
	GlobalSection(ProjectConfigurationPlatforms) = postSolution
		{FA1F237F-4006-4FEA-9E99-0D2902852892}.Debug|Any CPU.ActiveCfg = Debug|Any CPU
		{FA1F237F-4006-4FEA-9E99-0D2902852892}.Debug|Any CPU.Build.0 = Debug|Any CPU
		{FA1F237F-4006-4FEA-9E99-0D2902852892}.Release|Any CPU.ActiveCfg = Release|Any CPU
		{FA1F237F-4006-4FEA-9E99-0D2902852892}.Release|Any CPU.Build.0 = Release|Any CPU
		{FC0B05BF-2B1D-4ADC-9133-2796319F79F3}.Debug|Any CPU.ActiveCfg = Debug|Any CPU
		{FC0B05BF-2B1D-4ADC-9133-2796319F79F3}.Debug|Any CPU.Build.0 = Debug|Any CPU
		{FC0B05BF-2B1D-4ADC-9133-2796319F79F3}.Release|Any CPU.ActiveCfg = Release|Any CPU
		{FC0B05BF-2B1D-4ADC-9133-2796319F79F3}.Release|Any CPU.Build.0 = Release|Any CPU
	EndGlobalSection
	GlobalSection(SolutionProperties) = preSolution
		HideSolutionNode = FALSE
	EndGlobalSection
EndGlobal
